// !$*UTF8*$!
{
	archiveVersion = 1;
	classes = {
	};
	objectVersion = 48;
	objects = {

/* Begin PBXBuildFile section */
		8207103F208A795000B2D4DC /* GameController.swift in Sources */ = {isa = PBXBuildFile; fileRef = 8207103E208A795000B2D4DC /* GameController.swift */; };
		820D8716207034D400645DDC /* Main.storyboard in Resources */ = {isa = PBXBuildFile; fileRef = 820D8714207034D400645DDC /* Main.storyboard */; };
		8227BFB72071527900462C26 /* LaunchImage-Landscape~ipad_1024x768.png in Resources */ = {isa = PBXBuildFile; fileRef = 8227BFA72071527900462C26 /* LaunchImage-Landscape~ipad_1024x768.png */; };
		8227BFB82071527900462C26 /* LaunchImage-Portrait~ipad_768x1024.png in Resources */ = {isa = PBXBuildFile; fileRef = 8227BFA82071527900462C26 /* LaunchImage-Portrait~ipad_768x1024.png */; };
		8227BFB92071527900462C26 /* LaunchImage-Portrait@2x~ipad_1536x2008.png in Resources */ = {isa = PBXBuildFile; fileRef = 8227BFA92071527900462C26 /* LaunchImage-Portrait@2x~ipad_1536x2008.png */; };
		8227BFBA2071527900462C26 /* LaunchImage-568h@2x~iphone_640x1136.png in Resources */ = {isa = PBXBuildFile; fileRef = 8227BFAA2071527900462C26 /* LaunchImage-568h@2x~iphone_640x1136.png */; };
		8227BFBB2071527900462C26 /* LaunchImage-1242@3x~iphone6s-portrait_1242x2208.png in Resources */ = {isa = PBXBuildFile; fileRef = 8227BFAB2071527900462C26 /* LaunchImage-1242@3x~iphone6s-portrait_1242x2208.png */; };
		8227BFBC2071527900462C26 /* LaunchImage-Landscape@2x~ipad_2048x1496.png in Resources */ = {isa = PBXBuildFile; fileRef = 8227BFAC2071527900462C26 /* LaunchImage-Landscape@2x~ipad_2048x1496.png */; };
		8227BFBD2071527900462C26 /* LaunchImage-1242@3x~iphone6s-landscape_2208x1242.png in Resources */ = {isa = PBXBuildFile; fileRef = 8227BFAD2071527900462C26 /* LaunchImage-1242@3x~iphone6s-landscape_2208x1242.png */; };
		8227BFBE2071527900462C26 /* LaunchImage-Landscape@2x~ipad_2048x1536.png in Resources */ = {isa = PBXBuildFile; fileRef = 8227BFAE2071527900462C26 /* LaunchImage-Landscape@2x~ipad_2048x1536.png */; };
		8227BFBF2071527900462C26 /* LaunchImage-750@2x~iphone6-landscape_1334x750.png in Resources */ = {isa = PBXBuildFile; fileRef = 8227BFAF2071527900462C26 /* LaunchImage-750@2x~iphone6-landscape_1334x750.png */; };
		8227BFC02071527900462C26 /* LaunchImage~ipad.png in Resources */ = {isa = PBXBuildFile; fileRef = 8227BFB02071527900462C26 /* LaunchImage~ipad.png */; };
		8227BFC12071527900462C26 /* LaunchImage-750@2x~iphone6-portrait_750x1334.png in Resources */ = {isa = PBXBuildFile; fileRef = 8227BFB12071527900462C26 /* LaunchImage-750@2x~iphone6-portrait_750x1334.png */; };
		8227BFC22071527900462C26 /* LaunchImage-Portrait@2x~ipad_1536x2048.png in Resources */ = {isa = PBXBuildFile; fileRef = 8227BFB22071527900462C26 /* LaunchImage-Portrait@2x~ipad_1536x2048.png */; };
		8227BFC32071527900462C26 /* LaunchImage-Landscape~ipad_1024x748.png in Resources */ = {isa = PBXBuildFile; fileRef = 8227BFB32071527900462C26 /* LaunchImage-Landscape~ipad_1024x748.png */; };
		8227BFC42071527900462C26 /* LaunchImage.png in Resources */ = {isa = PBXBuildFile; fileRef = 8227BFB42071527900462C26 /* LaunchImage.png */; };
		8227BFC52071527900462C26 /* LaunchImage~iphone_640x960.png in Resources */ = {isa = PBXBuildFile; fileRef = 8227BFB52071527900462C26 /* LaunchImage~iphone_640x960.png */; };
		8227BFC62071527900462C26 /* LaunchImage~iphone-320x480.png in Resources */ = {isa = PBXBuildFile; fileRef = 8227BFB62071527900462C26 /* LaunchImage~iphone-320x480.png */; };
		8227BFD62071528700462C26 /* Icon-marketing-1024x1024.png in Resources */ = {isa = PBXBuildFile; fileRef = 8227BFC82071528600462C26 /* Icon-marketing-1024x1024.png */; };
		8227BFD72071528700462C26 /* Icon-20x20@1x.png in Resources */ = {isa = PBXBuildFile; fileRef = 8227BFC92071528600462C26 /* Icon-20x20@1x.png */; };
		8227BFD82071528700462C26 /* Icon-29x29@1x.png in Resources */ = {isa = PBXBuildFile; fileRef = 8227BFCA2071528600462C26 /* Icon-29x29@1x.png */; };
		8227BFD92071528700462C26 /* Icon-76x76@2x.png in Resources */ = {isa = PBXBuildFile; fileRef = 8227BFCB2071528600462C26 /* Icon-76x76@2x.png */; };
		8227BFDA2071528700462C26 /* Icon-60x60@3x.png in Resources */ = {isa = PBXBuildFile; fileRef = 8227BFCC2071528600462C26 /* Icon-60x60@3x.png */; };
		8227BFDB2071528700462C26 /* Icon-40x40@2x.png in Resources */ = {isa = PBXBuildFile; fileRef = 8227BFCD2071528600462C26 /* Icon-40x40@2x.png */; };
		8227BFDC2071528700462C26 /* Icon-29x29@3x.png in Resources */ = {isa = PBXBuildFile; fileRef = 8227BFCE2071528600462C26 /* Icon-29x29@3x.png */; };
		8227BFDD2071528700462C26 /* Icon-29x29@2x.png in Resources */ = {isa = PBXBuildFile; fileRef = 8227BFCF2071528600462C26 /* Icon-29x29@2x.png */; };
		8227BFDE2071528700462C26 /* Icon-76x76@1x.png in Resources */ = {isa = PBXBuildFile; fileRef = 8227BFD02071528600462C26 /* Icon-76x76@1x.png */; };
		8227BFDF2071528700462C26 /* Icon-40x40@3x.png in Resources */ = {isa = PBXBuildFile; fileRef = 8227BFD12071528600462C26 /* Icon-40x40@3x.png */; };
		8227BFE02071528700462C26 /* Contents.json in Resources */ = {isa = PBXBuildFile; fileRef = 8227BFD22071528600462C26 /* Contents.json */; };
		8227BFE12071528700462C26 /* Icon-60x60@2x.png in Resources */ = {isa = PBXBuildFile; fileRef = 8227BFD32071528600462C26 /* Icon-60x60@2x.png */; };
		8227BFE22071528700462C26 /* Icon-20x20@3x.png in Resources */ = {isa = PBXBuildFile; fileRef = 8227BFD42071528600462C26 /* Icon-20x20@3x.png */; };
		8227BFE32071528700462C26 /* Icon-20x20@2x.png in Resources */ = {isa = PBXBuildFile; fileRef = 8227BFD52071528600462C26 /* Icon-20x20@2x.png */; };
		8227BFE82072B93200462C26 /* LaunchScreen.storyboard in Resources */ = {isa = PBXBuildFile; fileRef = 8227BFE72072B93200462C26 /* LaunchScreen.storyboard */; };
		82850C83208CAD2C0050BE82 /* ConwayGameTest.swift in Sources */ = {isa = PBXBuildFile; fileRef = 82850C82208CAD2C0050BE82 /* ConwayGameTest.swift */; };
		82850C93208CBE150050BE82 /* GameControllerTest.swift in Sources */ = {isa = PBXBuildFile; fileRef = 82850C92208CBE150050BE82 /* GameControllerTest.swift */; };
		82A2223720680AD60080F023 /* SquareCell.swift in Sources */ = {isa = PBXBuildFile; fileRef = 82A2223620680AD60080F023 /* SquareCell.swift */; };
		82A2223920682B390080F023 /* CollectionLayout.swift in Sources */ = {isa = PBXBuildFile; fileRef = 82A2223820682B390080F023 /* CollectionLayout.swift */; };
		82A788F22062F00E000CE57B /* AppDelegate.swift in Sources */ = {isa = PBXBuildFile; fileRef = 82A788F12062F00E000CE57B /* AppDelegate.swift */; };
		82A788F92062F00E000CE57B /* Assets.xcassets in Resources */ = {isa = PBXBuildFile; fileRef = 82A788F82062F00E000CE57B /* Assets.xcassets */; };
		82A7892F206436BF000CE57B /* ConwayGame.swift in Sources */ = {isa = PBXBuildFile; fileRef = 82A7892E206436BF000CE57B /* ConwayGame.swift */; };
		82C9AF17207005320031CFE1 /* MessagesHelper.swift in Sources */ = {isa = PBXBuildFile; fileRef = 82C9AF16207005320031CFE1 /* MessagesHelper.swift */; };
/* End PBXBuildFile section */

/* Begin PBXContainerItemProxy section */
		82850C79208CA6820050BE82 /* PBXContainerItemProxy */ = {
			isa = PBXContainerItemProxy;
			containerPortal = 82A788E62062F00E000CE57B /* Project object */;
			proxyType = 1;
			remoteGlobalIDString = 82A788ED2062F00E000CE57B;
			remoteInfo = ConwayPrj;
		};
/* End PBXContainerItemProxy section */

/* Begin PBXFileReference section */
		8204525120850E95003D205F /* CoreData.framework */ = {isa = PBXFileReference; lastKnownFileType = wrapper.framework; name = CoreData.framework; path = System/Library/Frameworks/CoreData.framework; sourceTree = SDKROOT; };
		8207103E208A795000B2D4DC /* GameController.swift */ = {isa = PBXFileReference; lastKnownFileType = sourcecode.swift; path = GameController.swift; sourceTree = "<group>"; };
		820D8715207034D400645DDC /* Base */ = {isa = PBXFileReference; lastKnownFileType = file.storyboard; name = Base; path = ConwayPrj/Base.lproj/Main.storyboard; sourceTree = "<group>"; };
		8227BFA72071527900462C26 /* LaunchImage-Landscape~ipad_1024x768.png */ = {isa = PBXFileReference; lastKnownFileType = image.png; path = "LaunchImage-Landscape~ipad_1024x768.png"; sourceTree = "<group>"; };
		8227BFA82071527900462C26 /* LaunchImage-Portrait~ipad_768x1024.png */ = {isa = PBXFileReference; lastKnownFileType = image.png; path = "LaunchImage-Portrait~ipad_768x1024.png"; sourceTree = "<group>"; };
		8227BFA92071527900462C26 /* LaunchImage-Portrait@2x~ipad_1536x2008.png */ = {isa = PBXFileReference; lastKnownFileType = image.png; path = "LaunchImage-Portrait@2x~ipad_1536x2008.png"; sourceTree = "<group>"; };
		8227BFAA2071527900462C26 /* LaunchImage-568h@2x~iphone_640x1136.png */ = {isa = PBXFileReference; lastKnownFileType = image.png; path = "LaunchImage-568h@2x~iphone_640x1136.png"; sourceTree = "<group>"; };
		8227BFAB2071527900462C26 /* LaunchImage-1242@3x~iphone6s-portrait_1242x2208.png */ = {isa = PBXFileReference; lastKnownFileType = image.png; path = "LaunchImage-1242@3x~iphone6s-portrait_1242x2208.png"; sourceTree = "<group>"; };
		8227BFAC2071527900462C26 /* LaunchImage-Landscape@2x~ipad_2048x1496.png */ = {isa = PBXFileReference; lastKnownFileType = image.png; path = "LaunchImage-Landscape@2x~ipad_2048x1496.png"; sourceTree = "<group>"; };
		8227BFAD2071527900462C26 /* LaunchImage-1242@3x~iphone6s-landscape_2208x1242.png */ = {isa = PBXFileReference; lastKnownFileType = image.png; path = "LaunchImage-1242@3x~iphone6s-landscape_2208x1242.png"; sourceTree = "<group>"; };
		8227BFAE2071527900462C26 /* LaunchImage-Landscape@2x~ipad_2048x1536.png */ = {isa = PBXFileReference; lastKnownFileType = image.png; path = "LaunchImage-Landscape@2x~ipad_2048x1536.png"; sourceTree = "<group>"; };
		8227BFAF2071527900462C26 /* LaunchImage-750@2x~iphone6-landscape_1334x750.png */ = {isa = PBXFileReference; lastKnownFileType = image.png; path = "LaunchImage-750@2x~iphone6-landscape_1334x750.png"; sourceTree = "<group>"; };
		8227BFB02071527900462C26 /* LaunchImage~ipad.png */ = {isa = PBXFileReference; lastKnownFileType = image.png; path = "LaunchImage~ipad.png"; sourceTree = "<group>"; };
		8227BFB12071527900462C26 /* LaunchImage-750@2x~iphone6-portrait_750x1334.png */ = {isa = PBXFileReference; lastKnownFileType = image.png; path = "LaunchImage-750@2x~iphone6-portrait_750x1334.png"; sourceTree = "<group>"; };
		8227BFB22071527900462C26 /* LaunchImage-Portrait@2x~ipad_1536x2048.png */ = {isa = PBXFileReference; lastKnownFileType = image.png; path = "LaunchImage-Portrait@2x~ipad_1536x2048.png"; sourceTree = "<group>"; };
		8227BFB32071527900462C26 /* LaunchImage-Landscape~ipad_1024x748.png */ = {isa = PBXFileReference; lastKnownFileType = image.png; path = "LaunchImage-Landscape~ipad_1024x748.png"; sourceTree = "<group>"; };
		8227BFB42071527900462C26 /* LaunchImage.png */ = {isa = PBXFileReference; lastKnownFileType = image.png; path = LaunchImage.png; sourceTree = "<group>"; };
		8227BFB52071527900462C26 /* LaunchImage~iphone_640x960.png */ = {isa = PBXFileReference; lastKnownFileType = image.png; path = "LaunchImage~iphone_640x960.png"; sourceTree = "<group>"; };
		8227BFB62071527900462C26 /* LaunchImage~iphone-320x480.png */ = {isa = PBXFileReference; lastKnownFileType = image.png; path = "LaunchImage~iphone-320x480.png"; sourceTree = "<group>"; };
		8227BFC82071528600462C26 /* Icon-marketing-1024x1024.png */ = {isa = PBXFileReference; lastKnownFileType = image.png; path = "Icon-marketing-1024x1024.png"; sourceTree = "<group>"; };
		8227BFC92071528600462C26 /* Icon-20x20@1x.png */ = {isa = PBXFileReference; lastKnownFileType = image.png; path = "Icon-20x20@1x.png"; sourceTree = "<group>"; };
		8227BFCA2071528600462C26 /* Icon-29x29@1x.png */ = {isa = PBXFileReference; lastKnownFileType = image.png; path = "Icon-29x29@1x.png"; sourceTree = "<group>"; };
		8227BFCB2071528600462C26 /* Icon-76x76@2x.png */ = {isa = PBXFileReference; lastKnownFileType = image.png; path = "Icon-76x76@2x.png"; sourceTree = "<group>"; };
		8227BFCC2071528600462C26 /* Icon-60x60@3x.png */ = {isa = PBXFileReference; lastKnownFileType = image.png; path = "Icon-60x60@3x.png"; sourceTree = "<group>"; };
		8227BFCD2071528600462C26 /* Icon-40x40@2x.png */ = {isa = PBXFileReference; lastKnownFileType = image.png; path = "Icon-40x40@2x.png"; sourceTree = "<group>"; };
		8227BFCE2071528600462C26 /* Icon-29x29@3x.png */ = {isa = PBXFileReference; lastKnownFileType = image.png; path = "Icon-29x29@3x.png"; sourceTree = "<group>"; };
		8227BFCF2071528600462C26 /* Icon-29x29@2x.png */ = {isa = PBXFileReference; lastKnownFileType = image.png; path = "Icon-29x29@2x.png"; sourceTree = "<group>"; };
		8227BFD02071528600462C26 /* Icon-76x76@1x.png */ = {isa = PBXFileReference; lastKnownFileType = image.png; path = "Icon-76x76@1x.png"; sourceTree = "<group>"; };
		8227BFD12071528600462C26 /* Icon-40x40@3x.png */ = {isa = PBXFileReference; lastKnownFileType = image.png; path = "Icon-40x40@3x.png"; sourceTree = "<group>"; };
		8227BFD22071528600462C26 /* Contents.json */ = {isa = PBXFileReference; fileEncoding = 4; lastKnownFileType = text.json; path = Contents.json; sourceTree = "<group>"; };
		8227BFD32071528600462C26 /* Icon-60x60@2x.png */ = {isa = PBXFileReference; lastKnownFileType = image.png; path = "Icon-60x60@2x.png"; sourceTree = "<group>"; };
		8227BFD42071528600462C26 /* Icon-20x20@3x.png */ = {isa = PBXFileReference; lastKnownFileType = image.png; path = "Icon-20x20@3x.png"; sourceTree = "<group>"; };
		8227BFD52071528600462C26 /* Icon-20x20@2x.png */ = {isa = PBXFileReference; lastKnownFileType = image.png; path = "Icon-20x20@2x.png"; sourceTree = "<group>"; };
		8227BFE72072B93200462C26 /* LaunchScreen.storyboard */ = {isa = PBXFileReference; lastKnownFileType = file.storyboard; path = LaunchScreen.storyboard; sourceTree = "<group>"; };
		82850C74208CA6820050BE82 /* ConwayGamePrjTests.xctest */ = {isa = PBXFileReference; explicitFileType = wrapper.cfbundle; includeInIndex = 0; path = ConwayGamePrjTests.xctest; sourceTree = BUILT_PRODUCTS_DIR; };
		82850C78208CA6820050BE82 /* Info.plist */ = {isa = PBXFileReference; lastKnownFileType = text.plist.xml; path = Info.plist; sourceTree = "<group>"; };
		82850C80208CAB9A0050BE82 /* XCTest.framework */ = {isa = PBXFileReference; lastKnownFileType = wrapper.framework; name = XCTest.framework; path = Platforms/iPhoneOS.platform/Developer/Library/Frameworks/XCTest.framework; sourceTree = DEVELOPER_DIR; };
		82850C82208CAD2C0050BE82 /* ConwayGameTest.swift */ = {isa = PBXFileReference; lastKnownFileType = sourcecode.swift; path = ConwayGameTest.swift; sourceTree = "<group>"; };
		82850C92208CBE150050BE82 /* GameControllerTest.swift */ = {isa = PBXFileReference; lastKnownFileType = sourcecode.swift; path = GameControllerTest.swift; sourceTree = "<group>"; };
		82A2223620680AD60080F023 /* SquareCell.swift */ = {isa = PBXFileReference; lastKnownFileType = sourcecode.swift; path = SquareCell.swift; sourceTree = "<group>"; };
		82A2223820682B390080F023 /* CollectionLayout.swift */ = {isa = PBXFileReference; lastKnownFileType = sourcecode.swift; path = CollectionLayout.swift; sourceTree = "<group>"; };
		82A788EE2062F00E000CE57B /* ConwayPrj.app */ = {isa = PBXFileReference; explicitFileType = wrapper.application; includeInIndex = 0; path = ConwayPrj.app; sourceTree = BUILT_PRODUCTS_DIR; };
		82A788F12062F00E000CE57B /* AppDelegate.swift */ = {isa = PBXFileReference; lastKnownFileType = sourcecode.swift; path = AppDelegate.swift; sourceTree = "<group>"; };
		82A788F82062F00E000CE57B /* Assets.xcassets */ = {isa = PBXFileReference; lastKnownFileType = folder.assetcatalog; path = Assets.xcassets; sourceTree = "<group>"; };
		82A788FD2062F00E000CE57B /* Info.plist */ = {isa = PBXFileReference; lastKnownFileType = text.plist.xml; path = Info.plist; sourceTree = "<group>"; };
		82A7892E206436BF000CE57B /* ConwayGame.swift */ = {isa = PBXFileReference; lastKnownFileType = sourcecode.swift; path = ConwayGame.swift; sourceTree = "<group>"; };
		82C9AF16207005320031CFE1 /* MessagesHelper.swift */ = {isa = PBXFileReference; lastKnownFileType = sourcecode.swift; path = MessagesHelper.swift; sourceTree = "<group>"; };
/* End PBXFileReference section */

/* Begin PBXFrameworksBuildPhase section */
		82850C71208CA6820050BE82 /* Frameworks */ = {
			isa = PBXFrameworksBuildPhase;
			buildActionMask = 2147483647;
			files = (
			);
			runOnlyForDeploymentPostprocessing = 0;
		};
		82A788EB2062F00E000CE57B /* Frameworks */ = {
			isa = PBXFrameworksBuildPhase;
			buildActionMask = 2147483647;
			files = (
			);
			runOnlyForDeploymentPostprocessing = 0;
		};
/* End PBXFrameworksBuildPhase section */

/* Begin PBXGroup section */
		8204525020850E94003D205F /* Frameworks */ = {
			isa = PBXGroup;
			children = (
				82850C80208CAB9A0050BE82 /* XCTest.framework */,
				8204525120850E95003D205F /* CoreData.framework */,
			);
			name = Frameworks;
			sourceTree = "<group>";
		};
		8211EE74206EAB8E00E546BF /* Main */ = {
			isa = PBXGroup;
			children = (
				820D8714207034D400645DDC /* Main.storyboard */,
				8207103E208A795000B2D4DC /* GameController.swift */,
				8227BFE72072B93200462C26 /* LaunchScreen.storyboard */,
			);
			path = Main;
			sourceTree = "<group>";
		};
		8227BFA62071527900462C26 /* LaunchImage.launchimage */ = {
			isa = PBXGroup;
			children = (
				8227BFA72071527900462C26 /* LaunchImage-Landscape~ipad_1024x768.png */,
				8227BFA82071527900462C26 /* LaunchImage-Portrait~ipad_768x1024.png */,
				8227BFA92071527900462C26 /* LaunchImage-Portrait@2x~ipad_1536x2008.png */,
				8227BFAA2071527900462C26 /* LaunchImage-568h@2x~iphone_640x1136.png */,
				8227BFAB2071527900462C26 /* LaunchImage-1242@3x~iphone6s-portrait_1242x2208.png */,
				8227BFAC2071527900462C26 /* LaunchImage-Landscape@2x~ipad_2048x1496.png */,
				8227BFAD2071527900462C26 /* LaunchImage-1242@3x~iphone6s-landscape_2208x1242.png */,
				8227BFAE2071527900462C26 /* LaunchImage-Landscape@2x~ipad_2048x1536.png */,
				8227BFAF2071527900462C26 /* LaunchImage-750@2x~iphone6-landscape_1334x750.png */,
				8227BFB02071527900462C26 /* LaunchImage~ipad.png */,
				8227BFB12071527900462C26 /* LaunchImage-750@2x~iphone6-portrait_750x1334.png */,
				8227BFB22071527900462C26 /* LaunchImage-Portrait@2x~ipad_1536x2048.png */,
				8227BFB32071527900462C26 /* LaunchImage-Landscape~ipad_1024x748.png */,
				8227BFB42071527900462C26 /* LaunchImage.png */,
				8227BFB52071527900462C26 /* LaunchImage~iphone_640x960.png */,
				8227BFB62071527900462C26 /* LaunchImage~iphone-320x480.png */,
			);
			path = LaunchImage.launchimage;
			sourceTree = "<group>";
		};
		8227BFC72071528600462C26 /* AppIcon.appiconset */ = {
			isa = PBXGroup;
			children = (
				8227BFC82071528600462C26 /* Icon-marketing-1024x1024.png */,
				8227BFC92071528600462C26 /* Icon-20x20@1x.png */,
				8227BFCA2071528600462C26 /* Icon-29x29@1x.png */,
				8227BFCB2071528600462C26 /* Icon-76x76@2x.png */,
				8227BFCC2071528600462C26 /* Icon-60x60@3x.png */,
				8227BFCD2071528600462C26 /* Icon-40x40@2x.png */,
				8227BFCE2071528600462C26 /* Icon-29x29@3x.png */,
				8227BFCF2071528600462C26 /* Icon-29x29@2x.png */,
				8227BFD02071528600462C26 /* Icon-76x76@1x.png */,
				8227BFD12071528600462C26 /* Icon-40x40@3x.png */,
				8227BFD22071528600462C26 /* Contents.json */,
				8227BFD32071528600462C26 /* Icon-60x60@2x.png */,
				8227BFD42071528600462C26 /* Icon-20x20@3x.png */,
				8227BFD52071528600462C26 /* Icon-20x20@2x.png */,
			);
			path = AppIcon.appiconset;
			sourceTree = "<group>";
		};
		82850C75208CA6820050BE82 /* ConwayGamePrjTests */ = {
			isa = PBXGroup;
			children = (
				82850C92208CBE150050BE82 /* GameControllerTest.swift */,
				82850C82208CAD2C0050BE82 /* ConwayGameTest.swift */,
				82850C78208CA6820050BE82 /* Info.plist */,
			);
			path = ConwayGamePrjTests;
			sourceTree = "<group>";
		};
		82A2223A2069612E0080F023 /* Layout */ = {
			isa = PBXGroup;
			children = (
				82A2223820682B390080F023 /* CollectionLayout.swift */,
				82A2223620680AD60080F023 /* SquareCell.swift */,
			);
			path = Layout;
			sourceTree = "<group>";
		};
		82A2223B206ABBAE0080F023 /* Model */ = {
			isa = PBXGroup;
			children = (
				82A7892E206436BF000CE57B /* ConwayGame.swift */,
			);
			path = Model;
			sourceTree = "<group>";
		};
		82A788E52062F00E000CE57B = {
			isa = PBXGroup;
			children = (
				82A788F02062F00E000CE57B /* ConwayPrj */,
				82850C75208CA6820050BE82 /* ConwayGamePrjTests */,
				82A788EF2062F00E000CE57B /* Products */,
				8204525020850E94003D205F /* Frameworks */,
			);
			sourceTree = "<group>";
		};
		82A788EF2062F00E000CE57B /* Products */ = {
			isa = PBXGroup;
			children = (
				82A788EE2062F00E000CE57B /* ConwayPrj.app */,
				82850C74208CA6820050BE82 /* ConwayGamePrjTests.xctest */,
			);
			name = Products;
			sourceTree = "<group>";
		};
		82A788F02062F00E000CE57B /* ConwayPrj */ = {
			isa = PBXGroup;
			children = (
				82A2223B206ABBAE0080F023 /* Model */,
				82A2223A2069612E0080F023 /* Layout */,
				82A7891F2062F023000CE57B /* Support */,
				8211EE74206EAB8E00E546BF /* Main */,
				82A788FD2062F00E000CE57B /* Info.plist */,
			);
			path = ConwayPrj;
			sourceTree = "<group>";
		};
		82A7891F2062F023000CE57B /* Support */ = {
			isa = PBXGroup;
			children = (
				8227BFC72071528600462C26 /* AppIcon.appiconset */,
				8227BFA62071527900462C26 /* LaunchImage.launchimage */,
				82A788F12062F00E000CE57B /* AppDelegate.swift */,
				82A788F82062F00E000CE57B /* Assets.xcassets */,
				82C9AF16207005320031CFE1 /* MessagesHelper.swift */,
			);
			path = Support;
			sourceTree = "<group>";
		};
/* End PBXGroup section */

/* Begin PBXNativeTarget section */
		82850C73208CA6820050BE82 /* ConwayGamePrjTests */ = {
			isa = PBXNativeTarget;
			buildConfigurationList = 82850C7D208CA6820050BE82 /* Build configuration list for PBXNativeTarget "ConwayGamePrjTests" */;
			buildPhases = (
				82850C70208CA6820050BE82 /* Sources */,
				82850C71208CA6820050BE82 /* Frameworks */,
				82850C72208CA6820050BE82 /* Resources */,
			);
			buildRules = (
			);
			dependencies = (
				82850C7A208CA6820050BE82 /* PBXTargetDependency */,
			);
			name = ConwayGamePrjTests;
			productName = ConwayGamePrjTests;
			productReference = 82850C74208CA6820050BE82 /* ConwayGamePrjTests.xctest */;
			productType = "com.apple.product-type.bundle.unit-test";
		};
		82A788ED2062F00E000CE57B /* ConwayPrj */ = {
			isa = PBXNativeTarget;
			buildConfigurationList = 82A789162062F00E000CE57B /* Build configuration list for PBXNativeTarget "ConwayPrj" */;
			buildPhases = (
				82A788EA2062F00E000CE57B /* Sources */,
				82A788EB2062F00E000CE57B /* Frameworks */,
				82A788EC2062F00E000CE57B /* Resources */,
			);
			buildRules = (
			);
			dependencies = (
			);
			name = ConwayPrj;
			productName = ConwayPrj;
			productReference = 82A788EE2062F00E000CE57B /* ConwayPrj.app */;
			productType = "com.apple.product-type.application";
		};
/* End PBXNativeTarget section */

/* Begin PBXProject section */
		82A788E62062F00E000CE57B /* Project object */ = {
			isa = PBXProject;
			attributes = {
				LastSwiftUpdateCheck = 0930;
				LastUpgradeCheck = 0930;
				ORGANIZATIONNAME = Jose;
				TargetAttributes = {
					82850C73208CA6820050BE82 = {
						CreatedOnToolsVersion = 9.3;
						LastSwiftMigration = 0930;
						ProvisioningStyle = Automatic;
						TestTargetID = 82A788ED2062F00E000CE57B;
					};
					82A788ED2062F00E000CE57B = {
						CreatedOnToolsVersion = 9.2;
						ProvisioningStyle = Automatic;
					};
				};
			};
			buildConfigurationList = 82A788E92062F00E000CE57B /* Build configuration list for PBXProject "ConwayPrj" */;
			compatibilityVersion = "Xcode 8.0";
			developmentRegion = en;
			hasScannedForEncodings = 0;
			knownRegions = (
				en,
				Base,
			);
			mainGroup = 82A788E52062F00E000CE57B;
			productRefGroup = 82A788EF2062F00E000CE57B /* Products */;
			projectDirPath = "";
			projectRoot = "";
			targets = (
				82A788ED2062F00E000CE57B /* ConwayPrj */,
				82850C73208CA6820050BE82 /* ConwayGamePrjTests */,
			);
		};
/* End PBXProject section */

/* Begin PBXResourcesBuildPhase section */
		82850C72208CA6820050BE82 /* Resources */ = {
			isa = PBXResourcesBuildPhase;
			buildActionMask = 2147483647;
			files = (
			);
			runOnlyForDeploymentPostprocessing = 0;
		};
		82A788EC2062F00E000CE57B /* Resources */ = {
			isa = PBXResourcesBuildPhase;
			buildActionMask = 2147483647;
			files = (
				8227BFE32071528700462C26 /* Icon-20x20@2x.png in Resources */,
				8227BFC42071527900462C26 /* LaunchImage.png in Resources */,
				8227BFBF2071527900462C26 /* LaunchImage-750@2x~iphone6-landscape_1334x750.png in Resources */,
				8227BFE12071528700462C26 /* Icon-60x60@2x.png in Resources */,
				8227BFDE2071528700462C26 /* Icon-76x76@1x.png in Resources */,
				8227BFC02071527900462C26 /* LaunchImage~ipad.png in Resources */,
				8227BFD62071528700462C26 /* Icon-marketing-1024x1024.png in Resources */,
				8227BFDB2071528700462C26 /* Icon-40x40@2x.png in Resources */,
				8227BFDA2071528700462C26 /* Icon-60x60@3x.png in Resources */,
				8227BFE82072B93200462C26 /* LaunchScreen.storyboard in Resources */,
				8227BFDD2071528700462C26 /* Icon-29x29@2x.png in Resources */,
				8227BFB82071527900462C26 /* LaunchImage-Portrait~ipad_768x1024.png in Resources */,
				8227BFBA2071527900462C26 /* LaunchImage-568h@2x~iphone_640x1136.png in Resources */,
				8227BFD92071528700462C26 /* Icon-76x76@2x.png in Resources */,
				8227BFE02071528700462C26 /* Contents.json in Resources */,
				8227BFE22071528700462C26 /* Icon-20x20@3x.png in Resources */,
				82A788F92062F00E000CE57B /* Assets.xcassets in Resources */,
				8227BFBC2071527900462C26 /* LaunchImage-Landscape@2x~ipad_2048x1496.png in Resources */,
				8227BFBB2071527900462C26 /* LaunchImage-1242@3x~iphone6s-portrait_1242x2208.png in Resources */,
				8227BFB92071527900462C26 /* LaunchImage-Portrait@2x~ipad_1536x2008.png in Resources */,
				8227BFC12071527900462C26 /* LaunchImage-750@2x~iphone6-portrait_750x1334.png in Resources */,
				8227BFBE2071527900462C26 /* LaunchImage-Landscape@2x~ipad_2048x1536.png in Resources */,
				8227BFDF2071528700462C26 /* Icon-40x40@3x.png in Resources */,
				8227BFBD2071527900462C26 /* LaunchImage-1242@3x~iphone6s-landscape_2208x1242.png in Resources */,
				8227BFC22071527900462C26 /* LaunchImage-Portrait@2x~ipad_1536x2048.png in Resources */,
				8227BFB72071527900462C26 /* LaunchImage-Landscape~ipad_1024x768.png in Resources */,
				8227BFD82071528700462C26 /* Icon-29x29@1x.png in Resources */,
				8227BFDC2071528700462C26 /* Icon-29x29@3x.png in Resources */,
				8227BFC62071527900462C26 /* LaunchImage~iphone-320x480.png in Resources */,
				8227BFC32071527900462C26 /* LaunchImage-Landscape~ipad_1024x748.png in Resources */,
				820D8716207034D400645DDC /* Main.storyboard in Resources */,
				8227BFC52071527900462C26 /* LaunchImage~iphone_640x960.png in Resources */,
				8227BFD72071528700462C26 /* Icon-20x20@1x.png in Resources */,
			);
			runOnlyForDeploymentPostprocessing = 0;
		};
/* End PBXResourcesBuildPhase section */

/* Begin PBXSourcesBuildPhase section */
		82850C70208CA6820050BE82 /* Sources */ = {
			isa = PBXSourcesBuildPhase;
			buildActionMask = 2147483647;
			files = (
				82850C83208CAD2C0050BE82 /* ConwayGameTest.swift in Sources */,
				82850C93208CBE150050BE82 /* GameControllerTest.swift in Sources */,
			);
			runOnlyForDeploymentPostprocessing = 0;
		};
		82A788EA2062F00E000CE57B /* Sources */ = {
			isa = PBXSourcesBuildPhase;
			buildActionMask = 2147483647;
			files = (
				8207103F208A795000B2D4DC /* GameController.swift in Sources */,
				82A2223720680AD60080F023 /* SquareCell.swift in Sources */,
				82A2223920682B390080F023 /* CollectionLayout.swift in Sources */,
				82A7892F206436BF000CE57B /* ConwayGame.swift in Sources */,
				82A788F22062F00E000CE57B /* AppDelegate.swift in Sources */,
				82C9AF17207005320031CFE1 /* MessagesHelper.swift in Sources */,
			);
			runOnlyForDeploymentPostprocessing = 0;
		};
/* End PBXSourcesBuildPhase section */

/* Begin PBXTargetDependency section */
		82850C7A208CA6820050BE82 /* PBXTargetDependency */ = {
			isa = PBXTargetDependency;
			target = 82A788ED2062F00E000CE57B /* ConwayPrj */;
			targetProxy = 82850C79208CA6820050BE82 /* PBXContainerItemProxy */;
		};
/* End PBXTargetDependency section */

/* Begin PBXVariantGroup section */
		820D8714207034D400645DDC /* Main.storyboard */ = {
			isa = PBXVariantGroup;
			children = (
				820D8715207034D400645DDC /* Base */,
			);
			name = Main.storyboard;
			sourceTree = "<group>";
		};
/* End PBXVariantGroup section */

/* Begin XCBuildConfiguration section */
		82850C7B208CA6820050BE82 /* Debug */ = {
			isa = XCBuildConfiguration;
			buildSettings = {
				BUNDLE_LOADER = "$(TEST_HOST)";
				CLANG_ENABLE_MODULES = YES;
				CLANG_ENABLE_OBJC_WEAK = YES;
				CODE_SIGN_STYLE = Automatic;
				DEVELOPMENT_TEAM = 9W2SZN8P94;
				INFOPLIST_FILE = ConwayGamePrjTests/Info.plist;
				IPHONEOS_DEPLOYMENT_TARGET = 11.3;
				LD_RUNPATH_SEARCH_PATHS = "$(inherited) @executable_path/Frameworks @loader_path/Frameworks";
				PRODUCT_BUNDLE_IDENTIFIER = josebarros.ConwayGamePrjTests;
				PRODUCT_NAME = "$(TARGET_NAME)";
				SWIFT_OPTIMIZATION_LEVEL = "-Onone";
				SWIFT_VERSION = 4.0;
				TARGETED_DEVICE_FAMILY = "1,2";
				TEST_HOST = "$(BUILT_PRODUCTS_DIR)/ConwayPrj.app/ConwayPrj";
			};
			name = Debug;
		};
		82850C7C208CA6820050BE82 /* Release */ = {
			isa = XCBuildConfiguration;
			buildSettings = {
				BUNDLE_LOADER = "$(TEST_HOST)";
				CLANG_ENABLE_MODULES = YES;
				CLANG_ENABLE_OBJC_WEAK = YES;
				CODE_SIGN_STYLE = Automatic;
				DEVELOPMENT_TEAM = 9W2SZN8P94;
				INFOPLIST_FILE = ConwayGamePrjTests/Info.plist;
				IPHONEOS_DEPLOYMENT_TARGET = 11.3;
				LD_RUNPATH_SEARCH_PATHS = "$(inherited) @executable_path/Frameworks @loader_path/Frameworks";
				PRODUCT_BUNDLE_IDENTIFIER = josebarros.ConwayGamePrjTests;
				PRODUCT_NAME = "$(TARGET_NAME)";
				SWIFT_VERSION = 4.0;
				TARGETED_DEVICE_FAMILY = "1,2";
				TEST_HOST = "$(BUILT_PRODUCTS_DIR)/ConwayPrj.app/ConwayPrj";
			};
			name = Release;
		};
		82A789142062F00E000CE57B /* Debug */ = {
			isa = XCBuildConfiguration;
			buildSettings = {
				ALWAYS_SEARCH_USER_PATHS = NO;
				CLANG_ANALYZER_NONNULL = YES;
				CLANG_ANALYZER_NUMBER_OBJECT_CONVERSION = YES_AGGRESSIVE;
				CLANG_CXX_LANGUAGE_STANDARD = "gnu++14";
				CLANG_CXX_LIBRARY = "libc++";
				CLANG_ENABLE_MODULES = YES;
				CLANG_ENABLE_OBJC_ARC = YES;
				CLANG_WARN_BLOCK_CAPTURE_AUTORELEASING = YES;
				CLANG_WARN_BOOL_CONVERSION = YES;
				CLANG_WARN_COMMA = YES;
				CLANG_WARN_CONSTANT_CONVERSION = YES;
				CLANG_WARN_DEPRECATED_OBJC_IMPLEMENTATIONS = YES;
				CLANG_WARN_DIRECT_OBJC_ISA_USAGE = YES_ERROR;
				CLANG_WARN_DOCUMENTATION_COMMENTS = YES;
				CLANG_WARN_EMPTY_BODY = YES;
				CLANG_WARN_ENUM_CONVERSION = YES;
				CLANG_WARN_INFINITE_RECURSION = YES;
				CLANG_WARN_INT_CONVERSION = YES;
				CLANG_WARN_NON_LITERAL_NULL_CONVERSION = YES;
				CLANG_WARN_OBJC_IMPLICIT_RETAIN_SELF = YES;
				CLANG_WARN_OBJC_LITERAL_CONVERSION = YES;
				CLANG_WARN_OBJC_ROOT_CLASS = YES_ERROR;
				CLANG_WARN_RANGE_LOOP_ANALYSIS = YES;
				CLANG_WARN_STRICT_PROTOTYPES = YES;
				CLANG_WARN_SUSPICIOUS_MOVE = YES;
				CLANG_WARN_UNGUARDED_AVAILABILITY = YES_AGGRESSIVE;
				CLANG_WARN_UNREACHABLE_CODE = YES;
				CLANG_WARN__DUPLICATE_METHOD_MATCH = YES;
				CODE_SIGN_IDENTITY = "iPhone Developer";
				COPY_PHASE_STRIP = NO;
				DEBUG_INFORMATION_FORMAT = dwarf;
				ENABLE_STRICT_OBJC_MSGSEND = YES;
				ENABLE_TESTABILITY = YES;
				GCC_C_LANGUAGE_STANDARD = gnu11;
				GCC_DYNAMIC_NO_PIC = NO;
				GCC_NO_COMMON_BLOCKS = YES;
				GCC_OPTIMIZATION_LEVEL = 0;
				GCC_PREPROCESSOR_DEFINITIONS = (
					"DEBUG=1",
					"$(inherited)",
				);
				GCC_WARN_64_TO_32_BIT_CONVERSION = YES;
				GCC_WARN_ABOUT_RETURN_TYPE = YES_ERROR;
				GCC_WARN_UNDECLARED_SELECTOR = YES;
				GCC_WARN_UNINITIALIZED_AUTOS = YES_AGGRESSIVE;
				GCC_WARN_UNUSED_FUNCTION = YES;
				GCC_WARN_UNUSED_VARIABLE = YES;
				IPHONEOS_DEPLOYMENT_TARGET = 11.2;
				MTL_ENABLE_DEBUG_INFO = YES;
				ONLY_ACTIVE_ARCH = YES;
				SDKROOT = iphoneos;
				SWIFT_ACTIVE_COMPILATION_CONDITIONS = DEBUG;
				SWIFT_OPTIMIZATION_LEVEL = "-Onone";
			};
			name = Debug;
		};
		82A789152062F00E000CE57B /* Release */ = {
			isa = XCBuildConfiguration;
			buildSettings = {
				ALWAYS_SEARCH_USER_PATHS = NO;
				CLANG_ANALYZER_NONNULL = YES;
				CLANG_ANALYZER_NUMBER_OBJECT_CONVERSION = YES_AGGRESSIVE;
				CLANG_CXX_LANGUAGE_STANDARD = "gnu++14";
				CLANG_CXX_LIBRARY = "libc++";
				CLANG_ENABLE_MODULES = YES;
				CLANG_ENABLE_OBJC_ARC = YES;
				CLANG_WARN_BLOCK_CAPTURE_AUTORELEASING = YES;
				CLANG_WARN_BOOL_CONVERSION = YES;
				CLANG_WARN_COMMA = YES;
				CLANG_WARN_CONSTANT_CONVERSION = YES;
				CLANG_WARN_DEPRECATED_OBJC_IMPLEMENTATIONS = YES;
				CLANG_WARN_DIRECT_OBJC_ISA_USAGE = YES_ERROR;
				CLANG_WARN_DOCUMENTATION_COMMENTS = YES;
				CLANG_WARN_EMPTY_BODY = YES;
				CLANG_WARN_ENUM_CONVERSION = YES;
				CLANG_WARN_INFINITE_RECURSION = YES;
				CLANG_WARN_INT_CONVERSION = YES;
				CLANG_WARN_NON_LITERAL_NULL_CONVERSION = YES;
				CLANG_WARN_OBJC_IMPLICIT_RETAIN_SELF = YES;
				CLANG_WARN_OBJC_LITERAL_CONVERSION = YES;
				CLANG_WARN_OBJC_ROOT_CLASS = YES_ERROR;
				CLANG_WARN_RANGE_LOOP_ANALYSIS = YES;
				CLANG_WARN_STRICT_PROTOTYPES = YES;
				CLANG_WARN_SUSPICIOUS_MOVE = YES;
				CLANG_WARN_UNGUARDED_AVAILABILITY = YES_AGGRESSIVE;
				CLANG_WARN_UNREACHABLE_CODE = YES;
				CLANG_WARN__DUPLICATE_METHOD_MATCH = YES;
				CODE_SIGN_IDENTITY = "iPhone Developer";
				COPY_PHASE_STRIP = NO;
				DEBUG_INFORMATION_FORMAT = "dwarf-with-dsym";
				ENABLE_NS_ASSERTIONS = NO;
				ENABLE_STRICT_OBJC_MSGSEND = YES;
				GCC_C_LANGUAGE_STANDARD = gnu11;
				GCC_NO_COMMON_BLOCKS = YES;
				GCC_WARN_64_TO_32_BIT_CONVERSION = YES;
				GCC_WARN_ABOUT_RETURN_TYPE = YES_ERROR;
				GCC_WARN_UNDECLARED_SELECTOR = YES;
				GCC_WARN_UNINITIALIZED_AUTOS = YES_AGGRESSIVE;
				GCC_WARN_UNUSED_FUNCTION = YES;
				GCC_WARN_UNUSED_VARIABLE = YES;
				IPHONEOS_DEPLOYMENT_TARGET = 11.2;
				MTL_ENABLE_DEBUG_INFO = NO;
				SDKROOT = iphoneos;
				SWIFT_OPTIMIZATION_LEVEL = "-Owholemodule";
				VALIDATE_PRODUCT = YES;
			};
			name = Release;
		};
		82A789172062F00E000CE57B /* Debug */ = {
			isa = XCBuildConfiguration;
			buildSettings = {
				ASSETCATALOG_COMPILER_APPICON_NAME = AppIcon;
				ASSETCATALOG_COMPILER_LAUNCHIMAGE_NAME = LaunchImage;
				CODE_SIGN_STYLE = Automatic;
				DEVELOPMENT_TEAM = 9W2SZN8P94;
				INFOPLIST_FILE = ConwayPrj/Info.plist;
				LD_RUNPATH_SEARCH_PATHS = "$(inherited) @executable_path/Frameworks";
				PRODUCT_BUNDLE_IDENTIFIER = josebarros.ConwayPrj;
				PRODUCT_NAME = "$(TARGET_NAME)";
				SWIFT_VERSION = 4.0;
				TARGETED_DEVICE_FAMILY = "1,2";
			};
			name = Debug;
		};
		82A789182062F00E000CE57B /* Release */ = {
			isa = XCBuildConfiguration;
			buildSettings = {
				ASSETCATALOG_COMPILER_APPICON_NAME = AppIcon;
				ASSETCATALOG_COMPILER_LAUNCHIMAGE_NAME = LaunchImage;
				CODE_SIGN_STYLE = Automatic;
				DEVELOPMENT_TEAM = 9W2SZN8P94;
				INFOPLIST_FILE = ConwayPrj/Info.plist;
				LD_RUNPATH_SEARCH_PATHS = "$(inherited) @executable_path/Frameworks";
				PRODUCT_BUNDLE_IDENTIFIER = josebarros.ConwayPrj;
				PRODUCT_NAME = "$(TARGET_NAME)";
				SWIFT_VERSION = 4.0;
				TARGETED_DEVICE_FAMILY = "1,2";
			};
			name = Release;
		};
/* End XCBuildConfiguration section */

/* Begin XCConfigurationList section */
		82850C7D208CA6820050BE82 /* Build configuration list for PBXNativeTarget "ConwayGamePrjTests" */ = {
			isa = XCConfigurationList;
			buildConfigurations = (
				82850C7B208CA6820050BE82 /* Debug */,
				82850C7C208CA6820050BE82 /* Release */,
			);
			defaultConfigurationIsVisible = 0;
			defaultConfigurationName = Release;
		};
		82A788E92062F00E000CE57B /* Build configuration list for PBXProject "ConwayPrj" */ = {
			isa = XCConfigurationList;
			buildConfigurations = (
				82A789142062F00E000CE57B /* Debug */,
				82A789152062F00E000CE57B /* Release */,
			);
			defaultConfigurationIsVisible = 0;
			defaultConfigurationName = Release;
		};
		82A789162062F00E000CE57B /* Build configuration list for PBXNativeTarget "ConwayPrj" */ = {
			isa = XCConfigurationList;
			buildConfigurations = (
				82A789172062F00E000CE57B /* Debug */,
				82A789182062F00E000CE57B /* Release */,
			);
			defaultConfigurationIsVisible = 0;
			defaultConfigurationName = Release;
		};
/* End XCConfigurationList section */
	};
	rootObject = 82A788E62062F00E000CE57B /* Project object */;
}
